// !$*UTF8*$!
{
	archiveVersion = 1;
	classes = {
	};
	objectVersion = 56;
	objects = {

/* Begin PBXBuildFile section */
		802A9BED0497E01F75C07C8C /* Pods_BobPT.framework in Frameworks */ = {isa = PBXBuildFile; fileRef = B42BE7B35955570FCF5163BD /* Pods_BobPT.framework */; };
		AF4E067D2BC39359003B2AFF /* Model.swift in Sources */ = {isa = PBXBuildFile; fileRef = AF4E067C2BC39359003B2AFF /* Model.swift */; };
		E6D4F4A72BC7C0A60044F1BD /* SettingTableViewController.swift in Sources */ = {isa = PBXBuildFile; fileRef = E6D4F4A62BC7C0A60044F1BD /* SettingTableViewController.swift */; };
		FA1951462BBFE18000D42AEC /* AppDelegate.swift in Sources */ = {isa = PBXBuildFile; fileRef = FA1951452BBFE18000D42AEC /* AppDelegate.swift */; };
		FA1951482BBFE18000D42AEC /* SceneDelegate.swift in Sources */ = {isa = PBXBuildFile; fileRef = FA1951472BBFE18000D42AEC /* SceneDelegate.swift */; };
		FA19514A2BBFE18000D42AEC /* MainViewController.swift in Sources */ = {isa = PBXBuildFile; fileRef = FA1951492BBFE18000D42AEC /* MainViewController.swift */; };
		FA19514F2BBFE18100D42AEC /* Assets.xcassets in Resources */ = {isa = PBXBuildFile; fileRef = FA19514E2BBFE18100D42AEC /* Assets.xcassets */; };
		FA49A0202BC538C300F6FB33 /* Settings.bundle in Resources */ = {isa = PBXBuildFile; fileRef = FA49A01F2BC538C300F6FB33 /* Settings.bundle */; };
		FA55AC8F2BC8F8BB006CE78F /* Kingfisher in Frameworks */ = {isa = PBXBuildFile; productRef = FA55AC8E2BC8F8BB006CE78F /* Kingfisher */; };
		FA55AC912BC8F8C3006CE78F /* Alamofire in Frameworks */ = {isa = PBXBuildFile; productRef = FA55AC902BC8F8C3006CE78F /* Alamofire */; };
		FA55AC952BC8F934006CE78F /* DevViewController.swift in Sources */ = {isa = PBXBuildFile; fileRef = FA55AC942BC8F933006CE78F /* DevViewController.swift */; };
		FA55AC962BC8F9B8006CE78F /* Main.storyboard in Resources */ = {isa = PBXBuildFile; fileRef = FA19514B2BBFE18000D42AEC /* Main.storyboard */; };
		FA71E7D22BC4377D006D1388 /* Extension.swift in Sources */ = {isa = PBXBuildFile; fileRef = FA71E7D12BC4377D006D1388 /* Extension.swift */; };
		FA93D57E2BC0E9DA0007A361 /* ResultViewController.swift in Sources */ = {isa = PBXBuildFile; fileRef = FA93D57D2BC0E9DA0007A361 /* ResultViewController.swift */; };
		FA93D5802BC0E9EB0007A361 /* MapViewController.swift in Sources */ = {isa = PBXBuildFile; fileRef = FA93D57F2BC0E9EB0007A361 /* MapViewController.swift */; };
		FA93D5822BC0E9FE0007A361 /* SelectedListViewController.swift in Sources */ = {isa = PBXBuildFile; fileRef = FA93D5812BC0E9FE0007A361 /* SelectedListViewController.swift */; };
		FA93D58D2BC2D6CC0007A361 /* SelectedList.plist in Resources */ = {isa = PBXBuildFile; fileRef = FA93D58C2BC2D6CC0007A361 /* SelectedList.plist */; };
/* End PBXBuildFile section */

/* Begin PBXCopyFilesBuildPhase section */
		FA46976E2BC3C58800A836FD /* Embed Frameworks */ = {
			isa = PBXCopyFilesBuildPhase;
			buildActionMask = 2147483647;
			dstPath = "";
			dstSubfolderSpec = 10;
			files = (
			);
			name = "Embed Frameworks";
			runOnlyForDeploymentPostprocessing = 0;
		};
/* End PBXCopyFilesBuildPhase section */

/* Begin PBXFileReference section */
		037A8917696B2F62461E226C /* Pods-BobPT.release.xcconfig */ = {isa = PBXFileReference; includeInIndex = 1; lastKnownFileType = text.xcconfig; name = "Pods-BobPT.release.xcconfig"; path = "Target Support Files/Pods-BobPT/Pods-BobPT.release.xcconfig"; sourceTree = "<group>"; };
		9E92F271DAF5B01FA8E143A6 /* Pods-BobPT.debug.xcconfig */ = {isa = PBXFileReference; includeInIndex = 1; lastKnownFileType = text.xcconfig; name = "Pods-BobPT.debug.xcconfig"; path = "Target Support Files/Pods-BobPT/Pods-BobPT.debug.xcconfig"; sourceTree = "<group>"; };
		AF4E067C2BC39359003B2AFF /* Model.swift */ = {isa = PBXFileReference; lastKnownFileType = sourcecode.swift; path = Model.swift; sourceTree = "<group>"; };
		B42BE7B35955570FCF5163BD /* Pods_BobPT.framework */ = {isa = PBXFileReference; explicitFileType = wrapper.framework; includeInIndex = 0; path = Pods_BobPT.framework; sourceTree = BUILT_PRODUCTS_DIR; };
		E6D4F4A62BC7C0A60044F1BD /* SettingTableViewController.swift */ = {isa = PBXFileReference; lastKnownFileType = sourcecode.swift; path = SettingTableViewController.swift; sourceTree = "<group>"; };
		FA1951422BBFE18000D42AEC /* BobPT.app */ = {isa = PBXFileReference; explicitFileType = wrapper.application; includeInIndex = 0; path = BobPT.app; sourceTree = BUILT_PRODUCTS_DIR; };
		FA1951452BBFE18000D42AEC /* AppDelegate.swift */ = {isa = PBXFileReference; lastKnownFileType = sourcecode.swift; path = AppDelegate.swift; sourceTree = "<group>"; };
		FA1951472BBFE18000D42AEC /* SceneDelegate.swift */ = {isa = PBXFileReference; lastKnownFileType = sourcecode.swift; path = SceneDelegate.swift; sourceTree = "<group>"; };
		FA1951492BBFE18000D42AEC /* MainViewController.swift */ = {isa = PBXFileReference; lastKnownFileType = sourcecode.swift; path = MainViewController.swift; sourceTree = "<group>"; };
		FA19514C2BBFE18000D42AEC /* Base */ = {isa = PBXFileReference; lastKnownFileType = file.storyboard; name = Base; path = Base.lproj/Main.storyboard; sourceTree = "<group>"; };
		FA19514E2BBFE18100D42AEC /* Assets.xcassets */ = {isa = PBXFileReference; lastKnownFileType = folder.assetcatalog; path = Assets.xcassets; sourceTree = "<group>"; };
		FA1951512BBFE18100D42AEC /* Base */ = {isa = PBXFileReference; lastKnownFileType = file.storyboard; name = Base; path = Base.lproj/LaunchScreen.storyboard; sourceTree = "<group>"; };
		FA1951532BBFE18100D42AEC /* Info.plist */ = {isa = PBXFileReference; lastKnownFileType = text.plist.xml; path = Info.plist; sourceTree = "<group>"; };
		FA49A01F2BC538C300F6FB33 /* Settings.bundle */ = {isa = PBXFileReference; lastKnownFileType = "wrapper.plug-in"; path = Settings.bundle; sourceTree = "<group>"; };
		FA55AC942BC8F933006CE78F /* DevViewController.swift */ = {isa = PBXFileReference; lastKnownFileType = sourcecode.swift; path = DevViewController.swift; sourceTree = "<group>"; };
		FA71E7D12BC4377D006D1388 /* Extension.swift */ = {isa = PBXFileReference; lastKnownFileType = sourcecode.swift; path = Extension.swift; sourceTree = "<group>"; };
		FA93D57D2BC0E9DA0007A361 /* ResultViewController.swift */ = {isa = PBXFileReference; lastKnownFileType = sourcecode.swift; path = ResultViewController.swift; sourceTree = "<group>"; };
		FA93D57F2BC0E9EB0007A361 /* MapViewController.swift */ = {isa = PBXFileReference; lastKnownFileType = sourcecode.swift; path = MapViewController.swift; sourceTree = "<group>"; };
		FA93D5812BC0E9FE0007A361 /* SelectedListViewController.swift */ = {isa = PBXFileReference; lastKnownFileType = sourcecode.swift; path = SelectedListViewController.swift; sourceTree = "<group>"; };
		FA93D58C2BC2D6CC0007A361 /* SelectedList.plist */ = {isa = PBXFileReference; lastKnownFileType = text.plist.xml; path = SelectedList.plist; sourceTree = "<group>"; };
/* End PBXFileReference section */

/* Begin PBXFrameworksBuildPhase section */
		FA19513F2BBFE18000D42AEC /* Frameworks */ = {
			isa = PBXFrameworksBuildPhase;
			buildActionMask = 2147483647;
			files = (
				FA55AC912BC8F8C3006CE78F /* Alamofire in Frameworks */,
				FA55AC8F2BC8F8BB006CE78F /* Kingfisher in Frameworks */,
				802A9BED0497E01F75C07C8C /* Pods_BobPT.framework in Frameworks */,
			);
			runOnlyForDeploymentPostprocessing = 0;
		};
/* End PBXFrameworksBuildPhase section */

/* Begin PBXGroup section */
		3645B640930BD324150ED24A /* Frameworks */ = {
			isa = PBXGroup;
			children = (
				B42BE7B35955570FCF5163BD /* Pods_BobPT.framework */,
			);
			name = Frameworks;
			sourceTree = "<group>";
		};
		95A916859C26B87DAA864BA4 /* Pods */ = {
			isa = PBXGroup;
			children = (
				9E92F271DAF5B01FA8E143A6 /* Pods-BobPT.debug.xcconfig */,
				037A8917696B2F62461E226C /* Pods-BobPT.release.xcconfig */,
			);
			path = Pods;
			sourceTree = "<group>";
		};
		FA1951392BBFE18000D42AEC = {
			isa = PBXGroup;
			children = (
				FA49A01F2BC538C300F6FB33 /* Settings.bundle */,
				FA1951442BBFE18000D42AEC /* BobPT */,
				FA1951432BBFE18000D42AEC /* Products */,
				95A916859C26B87DAA864BA4 /* Pods */,
				3645B640930BD324150ED24A /* Frameworks */,
			);
			sourceTree = "<group>";
		};
		FA1951432BBFE18000D42AEC /* Products */ = {
			isa = PBXGroup;
			children = (
				FA1951422BBFE18000D42AEC /* BobPT.app */,
			);
			name = Products;
			sourceTree = "<group>";
		};
		FA1951442BBFE18000D42AEC /* BobPT */ = {
			isa = PBXGroup;
			children = (
				FA1951452BBFE18000D42AEC /* AppDelegate.swift */,
				FA1951472BBFE18000D42AEC /* SceneDelegate.swift */,
				FA93D57A2BC0E8110007A361 /* Model */,
				FA93D57B2BC0E8190007A361 /* Extension */,
				FA93D5792BC0E8030007A361 /* ViewController */,
				FA93D57C2BC0E8270007A361 /* Storyboard */,
				FA19514E2BBFE18100D42AEC /* Assets.xcassets */,
				FA1951532BBFE18100D42AEC /* Info.plist */,
				FA93D58C2BC2D6CC0007A361 /* SelectedList.plist */,
			);
			path = BobPT;
			sourceTree = "<group>";
		};
		FA93D5792BC0E8030007A361 /* ViewController */ = {
			isa = PBXGroup;
			children = (
				FA1951492BBFE18000D42AEC /* MainViewController.swift */,
				FA93D57D2BC0E9DA0007A361 /* ResultViewController.swift */,
				FA93D57F2BC0E9EB0007A361 /* MapViewController.swift */,
				FA93D5812BC0E9FE0007A361 /* SelectedListViewController.swift */,
				E6D4F4A62BC7C0A60044F1BD /* SettingTableViewController.swift */,
				FA55AC942BC8F933006CE78F /* DevViewController.swift */,
			);
			path = ViewController;
			sourceTree = "<group>";
		};
		FA93D57A2BC0E8110007A361 /* Model */ = {
			isa = PBXGroup;
			children = (
				AF4E067C2BC39359003B2AFF /* Model.swift */,
			);
			path = Model;
			sourceTree = "<group>";
		};
		FA93D57B2BC0E8190007A361 /* Extension */ = {
			isa = PBXGroup;
			children = (
				FA71E7D12BC4377D006D1388 /* Extension.swift */,
			);
			path = Extension;
			sourceTree = "<group>";
		};
		FA93D57C2BC0E8270007A361 /* Storyboard */ = {
			isa = PBXGroup;
			children = (
				FA19514B2BBFE18000D42AEC /* Main.storyboard */,
				FA1951502BBFE18100D42AEC /* LaunchScreen.storyboard */,
			);
			path = Storyboard;
			sourceTree = "<group>";
		};
/* End PBXGroup section */

/* Begin PBXNativeTarget section */
		FA1951412BBFE18000D42AEC /* BobPT */ = {
			isa = PBXNativeTarget;
			buildConfigurationList = FA1951562BBFE18100D42AEC /* Build configuration list for PBXNativeTarget "BobPT" */;
			buildPhases = (
				4EAAE64E05CBBE2CF43760E1 /* [CP] Check Pods Manifest.lock */,
				FA19513E2BBFE18000D42AEC /* Sources */,
				FA19513F2BBFE18000D42AEC /* Frameworks */,
				FA1951402BBFE18000D42AEC /* Resources */,
				3B65B2E175558C86B93AE38C /* [CP] Embed Pods Frameworks */,
				FA46976E2BC3C58800A836FD /* Embed Frameworks */,
			);
			buildRules = (
			);
			dependencies = (
			);
			name = BobPT;
			packageProductDependencies = (
				FA55AC8E2BC8F8BB006CE78F /* Kingfisher */,
				FA55AC902BC8F8C3006CE78F /* Alamofire */,
			);
			productName = BobPT;
			productReference = FA1951422BBFE18000D42AEC /* BobPT.app */;
			productType = "com.apple.product-type.application";
		};
/* End PBXNativeTarget section */

/* Begin PBXProject section */
		FA19513A2BBFE18000D42AEC /* Project object */ = {
			isa = PBXProject;
			attributes = {
				BuildIndependentTargetsInParallel = 1;
				LastSwiftUpdateCheck = 1530;
				LastUpgradeCheck = 1530;
				TargetAttributes = {
					FA1951412BBFE18000D42AEC = {
						CreatedOnToolsVersion = 15.3;
					};
				};
			};
			buildConfigurationList = FA19513D2BBFE18000D42AEC /* Build configuration list for PBXProject "BobPT" */;
			compatibilityVersion = "Xcode 14.0";
			developmentRegion = en;
			hasScannedForEncodings = 0;
			knownRegions = (
				en,
				Base,
			);
			mainGroup = FA1951392BBFE18000D42AEC;
			packageReferences = (
				E6D4F49D2BC763790044F1BD /* XCRemoteSwiftPackageReference "Alamofire" */,
				FA1813F22BC42D3F001D7CDE /* XCRemoteSwiftPackageReference "Alamofire" */,
				FACDB4C72BC8CD0F00A013E1 /* XCRemoteSwiftPackageReference "Kingfisher" */,
			);
			productRefGroup = FA1951432BBFE18000D42AEC /* Products */;
			projectDirPath = "";
			projectRoot = "";
			targets = (
				FA1951412BBFE18000D42AEC /* BobPT */,
			);
		};
/* End PBXProject section */

/* Begin PBXResourcesBuildPhase section */
		FA1951402BBFE18000D42AEC /* Resources */ = {
			isa = PBXResourcesBuildPhase;
			buildActionMask = 2147483647;
			files = (
				FA55AC962BC8F9B8006CE78F /* Main.storyboard in Resources */,
				FA19514F2BBFE18100D42AEC /* Assets.xcassets in Resources */,
				FA93D58D2BC2D6CC0007A361 /* SelectedList.plist in Resources */,
				FA49A0202BC538C300F6FB33 /* Settings.bundle in Resources */,
			);
			runOnlyForDeploymentPostprocessing = 0;
		};
/* End PBXResourcesBuildPhase section */

/* Begin PBXShellScriptBuildPhase section */
		3B65B2E175558C86B93AE38C /* [CP] Embed Pods Frameworks */ = {
			isa = PBXShellScriptBuildPhase;
			buildActionMask = 2147483647;
			files = (
			);
			inputFileListPaths = (
				"${PODS_ROOT}/Target Support Files/Pods-BobPT/Pods-BobPT-frameworks-${CONFIGURATION}-input-files.xcfilelist",
			);
			name = "[CP] Embed Pods Frameworks";
			outputFileListPaths = (
				"${PODS_ROOT}/Target Support Files/Pods-BobPT/Pods-BobPT-frameworks-${CONFIGURATION}-output-files.xcfilelist",
			);
			runOnlyForDeploymentPostprocessing = 0;
			shellPath = /bin/sh;
			shellScript = "\"${PODS_ROOT}/Target Support Files/Pods-BobPT/Pods-BobPT-frameworks.sh\"\n";
			showEnvVarsInLog = 0;
		};
		4EAAE64E05CBBE2CF43760E1 /* [CP] Check Pods Manifest.lock */ = {
			isa = PBXShellScriptBuildPhase;
			buildActionMask = 2147483647;
			files = (
			);
			inputFileListPaths = (
			);
			inputPaths = (
				"${PODS_PODFILE_DIR_PATH}/Podfile.lock",
				"${PODS_ROOT}/Manifest.lock",
			);
			name = "[CP] Check Pods Manifest.lock";
			outputFileListPaths = (
			);
			outputPaths = (
				"$(DERIVED_FILE_DIR)/Pods-BobPT-checkManifestLockResult.txt",
			);
			runOnlyForDeploymentPostprocessing = 0;
			shellPath = /bin/sh;
			shellScript = "diff \"${PODS_PODFILE_DIR_PATH}/Podfile.lock\" \"${PODS_ROOT}/Manifest.lock\" > /dev/null\nif [ $? != 0 ] ; then\n    # print error to STDERR\n    echo \"error: The sandbox is not in sync with the Podfile.lock. Run 'pod install' or update your CocoaPods installation.\" >&2\n    exit 1\nfi\n# This output is used by Xcode 'outputs' to avoid re-running this script phase.\necho \"SUCCESS\" > \"${SCRIPT_OUTPUT_FILE_0}\"\n";
			showEnvVarsInLog = 0;
		};
/* End PBXShellScriptBuildPhase section */

/* Begin PBXSourcesBuildPhase section */
		FA19513E2BBFE18000D42AEC /* Sources */ = {
			isa = PBXSourcesBuildPhase;
			buildActionMask = 2147483647;
			files = (
				FA55AC952BC8F934006CE78F /* DevViewController.swift in Sources */,
				FA71E7D22BC4377D006D1388 /* Extension.swift in Sources */,
				FA19514A2BBFE18000D42AEC /* MainViewController.swift in Sources */,
				FA1951462BBFE18000D42AEC /* AppDelegate.swift in Sources */,
				FA93D5822BC0E9FE0007A361 /* SelectedListViewController.swift in Sources */,
				FA1951482BBFE18000D42AEC /* SceneDelegate.swift in Sources */,
				FA93D5802BC0E9EB0007A361 /* MapViewController.swift in Sources */,
				E6D4F4A72BC7C0A60044F1BD /* SettingTableViewController.swift in Sources */,
				FA93D57E2BC0E9DA0007A361 /* ResultViewController.swift in Sources */,
				AF4E067D2BC39359003B2AFF /* Model.swift in Sources */,
			);
			runOnlyForDeploymentPostprocessing = 0;
		};
/* End PBXSourcesBuildPhase section */

/* Begin PBXVariantGroup section */
		FA19514B2BBFE18000D42AEC /* Main.storyboard */ = {
			isa = PBXVariantGroup;
			children = (
				FA19514C2BBFE18000D42AEC /* Base */,
			);
			name = Main.storyboard;
			sourceTree = "<group>";
		};
		FA1951502BBFE18100D42AEC /* LaunchScreen.storyboard */ = {
			isa = PBXVariantGroup;
			children = (
				FA1951512BBFE18100D42AEC /* Base */,
			);
			name = LaunchScreen.storyboard;
			sourceTree = "<group>";
		};
/* End PBXVariantGroup section */

/* Begin XCBuildConfiguration section */
		FA1951542BBFE18100D42AEC /* Debug */ = {
			isa = XCBuildConfiguration;
			buildSettings = {
				ALWAYS_SEARCH_USER_PATHS = NO;
				ASSETCATALOG_COMPILER_GENERATE_SWIFT_ASSET_SYMBOL_EXTENSIONS = YES;
				CLANG_ANALYZER_NONNULL = YES;
				CLANG_ANALYZER_NUMBER_OBJECT_CONVERSION = YES_AGGRESSIVE;
				CLANG_CXX_LANGUAGE_STANDARD = "gnu++20";
				CLANG_ENABLE_MODULES = YES;
				CLANG_ENABLE_OBJC_ARC = YES;
				CLANG_ENABLE_OBJC_WEAK = YES;
				CLANG_WARN_BLOCK_CAPTURE_AUTORELEASING = YES;
				CLANG_WARN_BOOL_CONVERSION = YES;
				CLANG_WARN_COMMA = YES;
				CLANG_WARN_CONSTANT_CONVERSION = YES;
				CLANG_WARN_DEPRECATED_OBJC_IMPLEMENTATIONS = YES;
				CLANG_WARN_DIRECT_OBJC_ISA_USAGE = YES_ERROR;
				CLANG_WARN_DOCUMENTATION_COMMENTS = YES;
				CLANG_WARN_EMPTY_BODY = YES;
				CLANG_WARN_ENUM_CONVERSION = YES;
				CLANG_WARN_INFINITE_RECURSION = YES;
				CLANG_WARN_INT_CONVERSION = YES;
				CLANG_WARN_NON_LITERAL_NULL_CONVERSION = YES;
				CLANG_WARN_OBJC_IMPLICIT_RETAIN_SELF = YES;
				CLANG_WARN_OBJC_LITERAL_CONVERSION = YES;
				CLANG_WARN_OBJC_ROOT_CLASS = YES_ERROR;
				CLANG_WARN_QUOTED_INCLUDE_IN_FRAMEWORK_HEADER = YES;
				CLANG_WARN_RANGE_LOOP_ANALYSIS = YES;
				CLANG_WARN_STRICT_PROTOTYPES = YES;
				CLANG_WARN_SUSPICIOUS_MOVE = YES;
				CLANG_WARN_UNGUARDED_AVAILABILITY = YES_AGGRESSIVE;
				CLANG_WARN_UNREACHABLE_CODE = YES;
				CLANG_WARN__DUPLICATE_METHOD_MATCH = YES;
				COPY_PHASE_STRIP = NO;
				DEBUG_INFORMATION_FORMAT = dwarf;
				ENABLE_STRICT_OBJC_MSGSEND = YES;
				ENABLE_TESTABILITY = YES;
				ENABLE_USER_SCRIPT_SANDBOXING = NO;
				GCC_C_LANGUAGE_STANDARD = gnu17;
				GCC_DYNAMIC_NO_PIC = NO;
				GCC_NO_COMMON_BLOCKS = YES;
				GCC_OPTIMIZATION_LEVEL = 0;
				GCC_PREPROCESSOR_DEFINITIONS = (
					"DEBUG=1",
					"$(inherited)",
				);
				GCC_WARN_64_TO_32_BIT_CONVERSION = YES;
				GCC_WARN_ABOUT_RETURN_TYPE = YES_ERROR;
				GCC_WARN_UNDECLARED_SELECTOR = YES;
				GCC_WARN_UNINITIALIZED_AUTOS = YES_AGGRESSIVE;
				GCC_WARN_UNUSED_FUNCTION = YES;
				GCC_WARN_UNUSED_VARIABLE = YES;
				IPHONEOS_DEPLOYMENT_TARGET = 17.4;
				LOCALIZATION_PREFERS_STRING_CATALOGS = YES;
				MTL_ENABLE_DEBUG_INFO = INCLUDE_SOURCE;
				MTL_FAST_MATH = YES;
				ONLY_ACTIVE_ARCH = YES;
				SDKROOT = iphoneos;
				SWIFT_ACTIVE_COMPILATION_CONDITIONS = "DEBUG $(inherited)";
				SWIFT_OPTIMIZATION_LEVEL = "-Onone";
			};
			name = Debug;
		};
		FA1951552BBFE18100D42AEC /* Release */ = {
			isa = XCBuildConfiguration;
			buildSettings = {
				ALWAYS_SEARCH_USER_PATHS = NO;
				ASSETCATALOG_COMPILER_GENERATE_SWIFT_ASSET_SYMBOL_EXTENSIONS = YES;
				CLANG_ANALYZER_NONNULL = YES;
				CLANG_ANALYZER_NUMBER_OBJECT_CONVERSION = YES_AGGRESSIVE;
				CLANG_CXX_LANGUAGE_STANDARD = "gnu++20";
				CLANG_ENABLE_MODULES = YES;
				CLANG_ENABLE_OBJC_ARC = YES;
				CLANG_ENABLE_OBJC_WEAK = YES;
				CLANG_WARN_BLOCK_CAPTURE_AUTORELEASING = YES;
				CLANG_WARN_BOOL_CONVERSION = YES;
				CLANG_WARN_COMMA = YES;
				CLANG_WARN_CONSTANT_CONVERSION = YES;
				CLANG_WARN_DEPRECATED_OBJC_IMPLEMENTATIONS = YES;
				CLANG_WARN_DIRECT_OBJC_ISA_USAGE = YES_ERROR;
				CLANG_WARN_DOCUMENTATION_COMMENTS = YES;
				CLANG_WARN_EMPTY_BODY = YES;
				CLANG_WARN_ENUM_CONVERSION = YES;
				CLANG_WARN_INFINITE_RECURSION = YES;
				CLANG_WARN_INT_CONVERSION = YES;
				CLANG_WARN_NON_LITERAL_NULL_CONVERSION = YES;
				CLANG_WARN_OBJC_IMPLICIT_RETAIN_SELF = YES;
				CLANG_WARN_OBJC_LITERAL_CONVERSION = YES;
				CLANG_WARN_OBJC_ROOT_CLASS = YES_ERROR;
				CLANG_WARN_QUOTED_INCLUDE_IN_FRAMEWORK_HEADER = YES;
				CLANG_WARN_RANGE_LOOP_ANALYSIS = YES;
				CLANG_WARN_STRICT_PROTOTYPES = YES;
				CLANG_WARN_SUSPICIOUS_MOVE = YES;
				CLANG_WARN_UNGUARDED_AVAILABILITY = YES_AGGRESSIVE;
				CLANG_WARN_UNREACHABLE_CODE = YES;
				CLANG_WARN__DUPLICATE_METHOD_MATCH = YES;
				COPY_PHASE_STRIP = NO;
				DEBUG_INFORMATION_FORMAT = "dwarf-with-dsym";
				ENABLE_NS_ASSERTIONS = NO;
				ENABLE_STRICT_OBJC_MSGSEND = YES;
				ENABLE_USER_SCRIPT_SANDBOXING = NO;
				GCC_C_LANGUAGE_STANDARD = gnu17;
				GCC_NO_COMMON_BLOCKS = YES;
				GCC_WARN_64_TO_32_BIT_CONVERSION = YES;
				GCC_WARN_ABOUT_RETURN_TYPE = YES_ERROR;
				GCC_WARN_UNDECLARED_SELECTOR = YES;
				GCC_WARN_UNINITIALIZED_AUTOS = YES_AGGRESSIVE;
				GCC_WARN_UNUSED_FUNCTION = YES;
				GCC_WARN_UNUSED_VARIABLE = YES;
				IPHONEOS_DEPLOYMENT_TARGET = 17.4;
				LOCALIZATION_PREFERS_STRING_CATALOGS = YES;
				MTL_ENABLE_DEBUG_INFO = NO;
				MTL_FAST_MATH = YES;
				SDKROOT = iphoneos;
				SWIFT_COMPILATION_MODE = wholemodule;
				VALIDATE_PRODUCT = YES;
			};
			name = Release;
		};
		FA1951572BBFE18100D42AEC /* Debug */ = {
			isa = XCBuildConfiguration;
			baseConfigurationReference = 9E92F271DAF5B01FA8E143A6 /* Pods-BobPT.debug.xcconfig */;
			buildSettings = {
				ASSETCATALOG_COMPILER_APPICON_NAME = AppIcon;
				ASSETCATALOG_COMPILER_GLOBAL_ACCENT_COLOR_NAME = AccentColor;
				CODE_SIGN_IDENTITY = "Apple Development";
				CODE_SIGN_STYLE = Automatic;
				CURRENT_PROJECT_VERSION = 1;
				DEVELOPMENT_TEAM = "";
				GENERATE_INFOPLIST_FILE = YES;
				INFOPLIST_FILE = BobPT/Info.plist;
				INFOPLIST_KEY_CFBundleDisplayName = "Bob-PT";
				INFOPLIST_KEY_NSLocationAlwaysAndWhenInUseUsageDescription = "정보 내놔";
				INFOPLIST_KEY_NSLocationWhenInUseUsageDescription = "내내내놔";
				INFOPLIST_KEY_UIApplicationSupportsIndirectInputEvents = YES;
				INFOPLIST_KEY_UILaunchStoryboardName = LaunchScreen;
				INFOPLIST_KEY_UIMainStoryboardFile = Main;
				INFOPLIST_KEY_UISupportedInterfaceOrientations_iPad = "UIInterfaceOrientationPortrait UIInterfaceOrientationPortraitUpsideDown UIInterfaceOrientationLandscapeLeft UIInterfaceOrientationLandscapeRight";
				INFOPLIST_KEY_UISupportedInterfaceOrientations_iPhone = "UIInterfaceOrientationPortrait UIInterfaceOrientationLandscapeLeft UIInterfaceOrientationLandscapeRight";
				IPHONEOS_DEPLOYMENT_TARGET = 16.0;
				LD_RUNPATH_SEARCH_PATHS = (
					"$(inherited)",
					"@executable_path/Frameworks",
				);
				MARKETING_VERSION = 1.0;
				PRODUCT_BUNDLE_IDENTIFIER = com.kibwa.BobPT;
				PRODUCT_NAME = "$(TARGET_NAME)";
				PROVISIONING_PROFILE_SPECIFIER = "";
				SWIFT_EMIT_LOC_STRINGS = YES;
				SWIFT_VERSION = 5.0;
				TARGETED_DEVICE_FAMILY = "1,2";
			};
			name = Debug;
		};
		FA1951582BBFE18100D42AEC /* Release */ = {
			isa = XCBuildConfiguration;
			baseConfigurationReference = 037A8917696B2F62461E226C /* Pods-BobPT.release.xcconfig */;
			buildSettings = {
				ASSETCATALOG_COMPILER_APPICON_NAME = AppIcon;
				ASSETCATALOG_COMPILER_GLOBAL_ACCENT_COLOR_NAME = AccentColor;
				CODE_SIGN_IDENTITY = "Apple Development";
				CODE_SIGN_STYLE = Automatic;
				CURRENT_PROJECT_VERSION = 1;
				DEVELOPMENT_TEAM = "";
				GENERATE_INFOPLIST_FILE = YES;
				INFOPLIST_FILE = BobPT/Info.plist;
				INFOPLIST_KEY_CFBundleDisplayName = "Bob-PT";
				INFOPLIST_KEY_NSLocationAlwaysAndWhenInUseUsageDescription = "정보 내놔";
				INFOPLIST_KEY_NSLocationWhenInUseUsageDescription = "내내내놔";
				INFOPLIST_KEY_UIApplicationSupportsIndirectInputEvents = YES;
				INFOPLIST_KEY_UILaunchStoryboardName = LaunchScreen;
				INFOPLIST_KEY_UIMainStoryboardFile = Main;
				INFOPLIST_KEY_UISupportedInterfaceOrientations_iPad = "UIInterfaceOrientationPortrait UIInterfaceOrientationPortraitUpsideDown UIInterfaceOrientationLandscapeLeft UIInterfaceOrientationLandscapeRight";
				INFOPLIST_KEY_UISupportedInterfaceOrientations_iPhone = "UIInterfaceOrientationPortrait UIInterfaceOrientationLandscapeLeft UIInterfaceOrientationLandscapeRight";
				IPHONEOS_DEPLOYMENT_TARGET = 16.0;
				LD_RUNPATH_SEARCH_PATHS = (
					"$(inherited)",
					"@executable_path/Frameworks",
				);
				MARKETING_VERSION = 1.0;
				PRODUCT_BUNDLE_IDENTIFIER = com.kibwa.BobPT;
				PRODUCT_NAME = "$(TARGET_NAME)";
				PROVISIONING_PROFILE_SPECIFIER = "";
				SWIFT_EMIT_LOC_STRINGS = YES;
				SWIFT_VERSION = 5.0;
				TARGETED_DEVICE_FAMILY = "1,2";
			};
			name = Release;
		};
/* End XCBuildConfiguration section */

/* Begin XCConfigurationList section */
		FA19513D2BBFE18000D42AEC /* Build configuration list for PBXProject "BobPT" */ = {
			isa = XCConfigurationList;
			buildConfigurations = (
				FA1951542BBFE18100D42AEC /* Debug */,
				FA1951552BBFE18100D42AEC /* Release */,
			);
			defaultConfigurationIsVisible = 0;
			defaultConfigurationName = Release;
		};
		FA1951562BBFE18100D42AEC /* Build configuration list for PBXNativeTarget "BobPT" */ = {
			isa = XCConfigurationList;
			buildConfigurations = (
				FA1951572BBFE18100D42AEC /* Debug */,
				FA1951582BBFE18100D42AEC /* Release */,
			);
			defaultConfigurationIsVisible = 0;
			defaultConfigurationName = Release;
		};
/* End XCConfigurationList section */

/* Begin XCRemoteSwiftPackageReference section */
		E6D4F49D2BC763790044F1BD /* XCRemoteSwiftPackageReference "Alamofire" */ = {
			isa = XCRemoteSwiftPackageReference;
			repositoryURL = "https://github.com/Alamofire/Alamofire";
			requirement = {
				kind = upToNextMajorVersion;
				minimumVersion = 5.9.1;
			};
		};
		FA1813F22BC42D3F001D7CDE /* XCRemoteSwiftPackageReference "Alamofire" */ = {
			isa = XCRemoteSwiftPackageReference;
			repositoryURL = "https://github.com/Alamofire/Alamofire.git";
			requirement = {
				kind = upToNextMajorVersion;
				minimumVersion = 5.9.1;
			};
		};
		FACDB4C72BC8CD0F00A013E1 /* XCRemoteSwiftPackageReference "Kingfisher" */ = {
			isa = XCRemoteSwiftPackageReference;
			repositoryURL = "https://github.com/onevcat/Kingfisher.git";
			requirement = {
				kind = upToNextMajorVersion;
				minimumVersion = 7.11.0;
			};
		};
/* End XCRemoteSwiftPackageReference section */

/* Begin XCSwiftPackageProductDependency section */
		FA55AC8E2BC8F8BB006CE78F /* Kingfisher */ = {
			isa = XCSwiftPackageProductDependency;
			package = FACDB4C72BC8CD0F00A013E1 /* XCRemoteSwiftPackageReference "Kingfisher" */;
			productName = Kingfisher;
		};
		FA55AC902BC8F8C3006CE78F /* Alamofire */ = {
			isa = XCSwiftPackageProductDependency;
			package = FA1813F22BC42D3F001D7CDE /* XCRemoteSwiftPackageReference "Alamofire" */;
			productName = Alamofire;
		};
/* End XCSwiftPackageProductDependency section */
	};
	rootObject = FA19513A2BBFE18000D42AEC /* Project object */;
}
